
Microsoft Visual Studio Solution File, Format Version 12.00
# Visual Studio Version 16
VisualStudioVersion = 16.0.30517.126
MinimumVisualStudioVersion = 10.0.40219.1
Project("{FAE04EC0-301F-11D3-BF4B-00C04F79EFBC}") = "UserMaintenance", "UserMaintenance\UserMaintenance.csproj", "{7A046323-63F0-4884-A571-BF9A9A5AF7CC}"
EndProject
Global
	GlobalSection(SolutionConfigurationPlatforms) = preSolution
		Debug|Any CPU = Debug|Any CPU
		Release|Any CPU = Release|Any CPU
	EndGlobalSection
	GlobalSection(ProjectConfigurationPlatforms) = postSolution
		{7A046323-63F0-4884-A571-BF9A9A5AF7CC}.Debug|Any CPU.ActiveCfg = Debug|Any CPU
		{7A046323-63F0-4884-A571-BF9A9A5AF7CC}.Debug|Any CPU.Build.0 = Debug|Any CPU
		{7A046323-63F0-4884-A571-BF9A9A5AF7CC}.Release|Any CPU.ActiveCfg = Release|Any CPU
		{7A046323-63F0-4884-A571-BF9A9A5AF7CC}.Release|Any CPU.Build.0 = Release|Any CPU
	EndGlobalSection
	GlobalSection(SolutionProperties) = preSolution
		HideSolutionNode = FALSE
	EndGlobalSection
	GlobalSection(ExtensibilityGlobals) = postSolution
		SolutionGuid = {689F9D3F-8325-4B14-B24B-A1A1830703CE}
	EndGlobalSection
EndGlobal
