
Microsoft Visual Studio Solution File, Format Version 12.00
# Visual Studio Version 16
VisualStudioVersion = 16.0.30717.126
MinimumVisualStudioVersion = 10.0.40219.1
Project("{F184B08F-C81C-45F6-A57F-5ABD9991F28F}") = "IRF.WEEK10.WorlsHardestGame", "IRF.WEEK10.WorlsHardestGame\IRF.WEEK10.WorlsHardestGame.vbproj", "{0335B737-EE8C-417E-AECA-79B28368C10B}"
EndProject
Global
	GlobalSection(SolutionConfigurationPlatforms) = preSolution
		Debug|Any CPU = Debug|Any CPU
		Release|Any CPU = Release|Any CPU
	EndGlobalSection
	GlobalSection(ProjectConfigurationPlatforms) = postSolution
		{0335B737-EE8C-417E-AECA-79B28368C10B}.Debug|Any CPU.ActiveCfg = Debug|Any CPU
		{0335B737-EE8C-417E-AECA-79B28368C10B}.Debug|Any CPU.Build.0 = Debug|Any CPU
		{0335B737-EE8C-417E-AECA-79B28368C10B}.Release|Any CPU.ActiveCfg = Release|Any CPU
		{0335B737-EE8C-417E-AECA-79B28368C10B}.Release|Any CPU.Build.0 = Release|Any CPU
	EndGlobalSection
	GlobalSection(SolutionProperties) = preSolution
		HideSolutionNode = FALSE
	EndGlobalSection
	GlobalSection(ExtensibilityGlobals) = postSolution
		SolutionGuid = {0DDE6FF5-A885-48AA-99DE-85414959B144}
	EndGlobalSection
EndGlobal
